<?xml version="1.0" encoding="UTF-8"?>
<Scheme
   version = "1.3">
   <BuildAction>
      <BuildActionEntries>
         <BuildActionEntry
            buildForRunning = "YES">
            <BuildableReference
               BuildableIdentifier = "primary"
               BlueprintIdentifier = "1718D6BE1AA8B14400D7836C"
               BuildableName = "LaunchBox.app"
               BlueprintName = "LaunchBox"
               ReferencedContainer = "container:LaunchBox.xcodeproj">
            </BuildableReference>
         </BuildActionEntry>
      </BuildActionEntries>
   </BuildAction>
   <LaunchAction
      useCustomWorkingDirectory = "NO"
      buildConfiguration = "Debug">
      <BuildableProductRunnable>
         <BuildableReference
            BuildableIdentifier = "primary"
            BlueprintIdentifier = "1718D6BE1AA8B14400D7836C"
            BuildableName = "LaunchBox.app"
            BlueprintName = "LaunchBox"
            ReferencedContainer = "container:LaunchBox.xcodeproj">
         </BuildableReference>
      </BuildableProductRunnable>
   </LaunchAction>
</Scheme>
